
Microsoft Visual Studio Solution File, Format Version 12.00
# Visual Studio Version 16
VisualStudioVersion = 16.0.29613.14
MinimumVisualStudioVersion = 10.0.40219.1
Project("{FAE04EC0-301F-11D3-BF4B-00C04F79EFBC}") = "Practical 2", "Practical 2\Practical 2.csproj", "{C6D0B1AE-ED40-482C-A468-000337A00940}"
EndProject
Global
	GlobalSection(SolutionConfigurationPlatforms) = preSolution
		Debug|Any CPU = Debug|Any CPU
		Release|Any CPU = Release|Any CPU
	EndGlobalSection
	GlobalSection(ProjectConfigurationPlatforms) = postSolution
		{C6D0B1AE-ED40-482C-A468-000337A00940}.Debug|Any CPU.ActiveCfg = Debug|Any CPU
		{C6D0B1AE-ED40-482C-A468-000337A00940}.Debug|Any CPU.Build.0 = Debug|Any CPU
		{C6D0B1AE-ED40-482C-A468-000337A00940}.Release|Any CPU.ActiveCfg = Release|Any CPU
		{C6D0B1AE-ED40-482C-A468-000337A00940}.Release|Any CPU.Build.0 = Release|Any CPU
	EndGlobalSection
	GlobalSection(SolutionProperties) = preSolution
		HideSolutionNode = FALSE
	EndGlobalSection
	GlobalSection(ExtensibilityGlobals) = postSolution
		SolutionGuid = {2D8417C9-A130-4597-92E5-D12114C83F7A}
	EndGlobalSection
EndGlobal
